
Microsoft Visual Studio Solution File, Format Version 12.00
Project("{FAE04EC0-301F-11D3-BF4B-00C04F79EFBC}") = "InventoryApi", "InventoryApi\InventoryApi.csproj", "{BD0928D5-D5A8-4B05-8146-B5BC5BAEDEDD}"
EndProject
Global
	GlobalSection(SolutionConfigurationPlatforms) = preSolution
		Debug|Any CPU = Debug|Any CPU
		Release|Any CPU = Release|Any CPU
	EndGlobalSection
	GlobalSection(ProjectConfigurationPlatforms) = postSolution
		{BD0928D5-D5A8-4B05-8146-B5BC5BAEDEDD}.Debug|Any CPU.ActiveCfg = Debug|Any CPU
		{BD0928D5-D5A8-4B05-8146-B5BC5BAEDEDD}.Debug|Any CPU.Build.0 = Debug|Any CPU
		{BD0928D5-D5A8-4B05-8146-B5BC5BAEDEDD}.Release|Any CPU.ActiveCfg = Release|Any CPU
		{BD0928D5-D5A8-4B05-8146-B5BC5BAEDEDD}.Release|Any CPU.Build.0 = Release|Any CPU
	EndGlobalSection
EndGlobal
